// !$*UTF8*$!
{
	archiveVersion = 1;
	classes = {
	};
	objectVersion = 48;
	objects = {

/* Begin PBXBuildFile section */
		94177D871F6A98E100102C60 /* AppDelegate.swift in Sources */ = {isa = PBXBuildFile; fileRef = 94177D861F6A98E100102C60 /* AppDelegate.swift */; };
		94177D891F6A98E100102C60 /* PendingTableViewController.swift in Sources */ = {isa = PBXBuildFile; fileRef = 94177D881F6A98E100102C60 /* PendingTableViewController.swift */; };
		94177D8C1F6A98E100102C60 /* Main.storyboard in Resources */ = {isa = PBXBuildFile; fileRef = 94177D8A1F6A98E100102C60 /* Main.storyboard */; };
		94177D8E1F6A98E100102C60 /* Assets.xcassets in Resources */ = {isa = PBXBuildFile; fileRef = 94177D8D1F6A98E100102C60 /* Assets.xcassets */; };
		94177D911F6A98E100102C60 /* LaunchScreen.storyboard in Resources */ = {isa = PBXBuildFile; fileRef = 94177D8F1F6A98E100102C60 /* LaunchScreen.storyboard */; };
		94177D9C1F6A98E100102C60 /* UMAI_TODOTests.swift in Sources */ = {isa = PBXBuildFile; fileRef = 94177D9B1F6A98E100102C60 /* UMAI_TODOTests.swift */; };
		94177DA71F6A98E100102C60 /* UMAI_TODOUITests.swift in Sources */ = {isa = PBXBuildFile; fileRef = 94177DA61F6A98E100102C60 /* UMAI_TODOUITests.swift */; };
		94177DB51F6A991000102C60 /* DoneTableViewController.swift in Sources */ = {isa = PBXBuildFile; fileRef = 94177DB41F6A991000102C60 /* DoneTableViewController.swift */; };
		94177DB71F6A9C8F00102C60 /* Common.swift in Sources */ = {isa = PBXBuildFile; fileRef = 94177DB61F6A9C8F00102C60 /* Common.swift */; };
		94177DBB1F6AAE1D00102C60 /* TodoItem.swift in Sources */ = {isa = PBXBuildFile; fileRef = 94177DBA1F6AAE1D00102C60 /* TodoItem.swift */; };
/* End PBXBuildFile section */

/* Begin PBXContainerItemProxy section */
		94177D981F6A98E100102C60 /* PBXContainerItemProxy */ = {
			isa = PBXContainerItemProxy;
			containerPortal = 94177D7B1F6A98E100102C60 /* Project object */;
			proxyType = 1;
			remoteGlobalIDString = 94177D821F6A98E100102C60;
			remoteInfo = UMAI_TODO;
		};
		94177DA31F6A98E100102C60 /* PBXContainerItemProxy */ = {
			isa = PBXContainerItemProxy;
			containerPortal = 94177D7B1F6A98E100102C60 /* Project object */;
			proxyType = 1;
			remoteGlobalIDString = 94177D821F6A98E100102C60;
			remoteInfo = UMAI_TODO;
		};
/* End PBXContainerItemProxy section */

/* Begin PBXFileReference section */
		94177D831F6A98E100102C60 /* UMAI_TODO.app */ = {isa = PBXFileReference; explicitFileType = wrapper.application; includeInIndex = 0; path = UMAI_TODO.app; sourceTree = BUILT_PRODUCTS_DIR; };
		94177D861F6A98E100102C60 /* AppDelegate.swift */ = {isa = PBXFileReference; lastKnownFileType = sourcecode.swift; path = AppDelegate.swift; sourceTree = "<group>"; };
		94177D881F6A98E100102C60 /* PendingTableViewController.swift */ = {isa = PBXFileReference; lastKnownFileType = sourcecode.swift; path = PendingTableViewController.swift; sourceTree = "<group>"; };
		94177D8B1F6A98E100102C60 /* Base */ = {isa = PBXFileReference; lastKnownFileType = file.storyboard; name = Base; path = Base.lproj/Main.storyboard; sourceTree = "<group>"; };
		94177D8D1F6A98E100102C60 /* Assets.xcassets */ = {isa = PBXFileReference; lastKnownFileType = folder.assetcatalog; path = Assets.xcassets; sourceTree = "<group>"; };
		94177D901F6A98E100102C60 /* Base */ = {isa = PBXFileReference; lastKnownFileType = file.storyboard; name = Base; path = Base.lproj/LaunchScreen.storyboard; sourceTree = "<group>"; };
		94177D921F6A98E100102C60 /* Info.plist */ = {isa = PBXFileReference; lastKnownFileType = text.plist.xml; path = Info.plist; sourceTree = "<group>"; };
		94177D971F6A98E100102C60 /* UMAI_TODOTests.xctest */ = {isa = PBXFileReference; explicitFileType = wrapper.cfbundle; includeInIndex = 0; path = UMAI_TODOTests.xctest; sourceTree = BUILT_PRODUCTS_DIR; };
		94177D9B1F6A98E100102C60 /* UMAI_TODOTests.swift */ = {isa = PBXFileReference; lastKnownFileType = sourcecode.swift; path = UMAI_TODOTests.swift; sourceTree = "<group>"; };
		94177D9D1F6A98E100102C60 /* Info.plist */ = {isa = PBXFileReference; lastKnownFileType = text.plist.xml; path = Info.plist; sourceTree = "<group>"; };
		94177DA21F6A98E100102C60 /* UMAI_TODOUITests.xctest */ = {isa = PBXFileReference; explicitFileType = wrapper.cfbundle; includeInIndex = 0; path = UMAI_TODOUITests.xctest; sourceTree = BUILT_PRODUCTS_DIR; };
		94177DA61F6A98E100102C60 /* UMAI_TODOUITests.swift */ = {isa = PBXFileReference; lastKnownFileType = sourcecode.swift; path = UMAI_TODOUITests.swift; sourceTree = "<group>"; };
		94177DA81F6A98E100102C60 /* Info.plist */ = {isa = PBXFileReference; lastKnownFileType = text.plist.xml; path = Info.plist; sourceTree = "<group>"; };
		94177DB41F6A991000102C60 /* DoneTableViewController.swift */ = {isa = PBXFileReference; lastKnownFileType = sourcecode.swift; path = DoneTableViewController.swift; sourceTree = "<group>"; };
		94177DB61F6A9C8F00102C60 /* Common.swift */ = {isa = PBXFileReference; lastKnownFileType = sourcecode.swift; path = Common.swift; sourceTree = "<group>"; };
		94177DBA1F6AAE1D00102C60 /* TodoItem.swift */ = {isa = PBXFileReference; lastKnownFileType = sourcecode.swift; path = TodoItem.swift; sourceTree = "<group>"; };
/* End PBXFileReference section */

/* Begin PBXFrameworksBuildPhase section */
		94177D801F6A98E100102C60 /* Frameworks */ = {
			isa = PBXFrameworksBuildPhase;
			buildActionMask = 2147483647;
			files = (
			);
			runOnlyForDeploymentPostprocessing = 0;
		};
		94177D941F6A98E100102C60 /* Frameworks */ = {
			isa = PBXFrameworksBuildPhase;
			buildActionMask = 2147483647;
			files = (
			);
			runOnlyForDeploymentPostprocessing = 0;
		};
		94177D9F1F6A98E100102C60 /* Frameworks */ = {
			isa = PBXFrameworksBuildPhase;
			buildActionMask = 2147483647;
			files = (
			);
			runOnlyForDeploymentPostprocessing = 0;
		};
/* End PBXFrameworksBuildPhase section */

/* Begin PBXGroup section */
		94177D7A1F6A98E100102C60 = {
			isa = PBXGroup;
			children = (
				94177D851F6A98E100102C60 /* UMAI_TODO */,
				94177D9A1F6A98E100102C60 /* UMAI_TODOTests */,
				94177DA51F6A98E100102C60 /* UMAI_TODOUITests */,
				94177D841F6A98E100102C60 /* Products */,
			);
			sourceTree = "<group>";
		};
		94177D841F6A98E100102C60 /* Products */ = {
			isa = PBXGroup;
			children = (
				94177D831F6A98E100102C60 /* UMAI_TODO.app */,
				94177D971F6A98E100102C60 /* UMAI_TODOTests.xctest */,
				94177DA21F6A98E100102C60 /* UMAI_TODOUITests.xctest */,
			);
			name = Products;
			sourceTree = "<group>";
		};
		94177D851F6A98E100102C60 /* UMAI_TODO */ = {
			isa = PBXGroup;
			children = (
				94177D861F6A98E100102C60 /* AppDelegate.swift */,
				94177D881F6A98E100102C60 /* PendingTableViewController.swift */,
				94177D8A1F6A98E100102C60 /* Main.storyboard */,
				94177D8D1F6A98E100102C60 /* Assets.xcassets */,
				94177D8F1F6A98E100102C60 /* LaunchScreen.storyboard */,
				94177D921F6A98E100102C60 /* Info.plist */,
				94177DB41F6A991000102C60 /* DoneTableViewController.swift */,
				94177DB61F6A9C8F00102C60 /* Common.swift */,
				94177DBA1F6AAE1D00102C60 /* TodoItem.swift */,
			);
			path = UMAI_TODO;
			sourceTree = "<group>";
		};
		94177D9A1F6A98E100102C60 /* UMAI_TODOTests */ = {
			isa = PBXGroup;
			children = (
				94177D9B1F6A98E100102C60 /* UMAI_TODOTests.swift */,
				94177D9D1F6A98E100102C60 /* Info.plist */,
			);
			path = UMAI_TODOTests;
			sourceTree = "<group>";
		};
		94177DA51F6A98E100102C60 /* UMAI_TODOUITests */ = {
			isa = PBXGroup;
			children = (
				94177DA61F6A98E100102C60 /* UMAI_TODOUITests.swift */,
				94177DA81F6A98E100102C60 /* Info.plist */,
			);
			path = UMAI_TODOUITests;
			sourceTree = "<group>";
		};
/* End PBXGroup section */

/* Begin PBXNativeTarget section */
		94177D821F6A98E100102C60 /* UMAI_TODO */ = {
			isa = PBXNativeTarget;
			buildConfigurationList = 94177DAB1F6A98E100102C60 /* Build configuration list for PBXNativeTarget "UMAI_TODO" */;
			buildPhases = (
				94177D7F1F6A98E100102C60 /* Sources */,
				94177D801F6A98E100102C60 /* Frameworks */,
				94177D811F6A98E100102C60 /* Resources */,
			);
			buildRules = (
			);
			dependencies = (
			);
			name = UMAI_TODO;
			productName = UMAI_TODO;
			productReference = 94177D831F6A98E100102C60 /* UMAI_TODO.app */;
			productType = "com.apple.product-type.application";
		};
		94177D961F6A98E100102C60 /* UMAI_TODOTests */ = {
			isa = PBXNativeTarget;
			buildConfigurationList = 94177DAE1F6A98E100102C60 /* Build configuration list for PBXNativeTarget "UMAI_TODOTests" */;
			buildPhases = (
				94177D931F6A98E100102C60 /* Sources */,
				94177D941F6A98E100102C60 /* Frameworks */,
				94177D951F6A98E100102C60 /* Resources */,
			);
			buildRules = (
			);
			dependencies = (
				94177D991F6A98E100102C60 /* PBXTargetDependency */,
			);
			name = UMAI_TODOTests;
			productName = UMAI_TODOTests;
			productReference = 94177D971F6A98E100102C60 /* UMAI_TODOTests.xctest */;
			productType = "com.apple.product-type.bundle.unit-test";
		};
		94177DA11F6A98E100102C60 /* UMAI_TODOUITests */ = {
			isa = PBXNativeTarget;
			buildConfigurationList = 94177DB11F6A98E100102C60 /* Build configuration list for PBXNativeTarget "UMAI_TODOUITests" */;
			buildPhases = (
				94177D9E1F6A98E100102C60 /* Sources */,
				94177D9F1F6A98E100102C60 /* Frameworks */,
				94177DA01F6A98E100102C60 /* Resources */,
			);
			buildRules = (
			);
			dependencies = (
				94177DA41F6A98E100102C60 /* PBXTargetDependency */,
			);
			name = UMAI_TODOUITests;
			productName = UMAI_TODOUITests;
			productReference = 94177DA21F6A98E100102C60 /* UMAI_TODOUITests.xctest */;
			productType = "com.apple.product-type.bundle.ui-testing";
		};
/* End PBXNativeTarget section */

/* Begin PBXProject section */
		94177D7B1F6A98E100102C60 /* Project object */ = {
			isa = PBXProject;
			attributes = {
				LastSwiftUpdateCheck = 0900;
				LastUpgradeCheck = 0900;
				ORGANIZATIONNAME = UMAI;
				TargetAttributes = {
					94177D821F6A98E100102C60 = {
						CreatedOnToolsVersion = 9.0;
						ProvisioningStyle = Automatic;
					};
					94177D961F6A98E100102C60 = {
						CreatedOnToolsVersion = 9.0;
						ProvisioningStyle = Automatic;
						TestTargetID = 94177D821F6A98E100102C60;
					};
					94177DA11F6A98E100102C60 = {
						CreatedOnToolsVersion = 9.0;
						ProvisioningStyle = Automatic;
						TestTargetID = 94177D821F6A98E100102C60;
					};
				};
			};
			buildConfigurationList = 94177D7E1F6A98E100102C60 /* Build configuration list for PBXProject "UMAI_TODO" */;
			compatibilityVersion = "Xcode 8.0";
			developmentRegion = en;
			hasScannedForEncodings = 0;
			knownRegions = (
				en,
				Base,
			);
			mainGroup = 94177D7A1F6A98E100102C60;
			productRefGroup = 94177D841F6A98E100102C60 /* Products */;
			projectDirPath = "";
			projectRoot = "";
			targets = (
				94177D821F6A98E100102C60 /* UMAI_TODO */,
				94177D961F6A98E100102C60 /* UMAI_TODOTests */,
				94177DA11F6A98E100102C60 /* UMAI_TODOUITests */,
			);
		};
/* End PBXProject section */

/* Begin PBXResourcesBuildPhase section */
		94177D811F6A98E100102C60 /* Resources */ = {
			isa = PBXResourcesBuildPhase;
			buildActionMask = 2147483647;
			files = (
				94177D911F6A98E100102C60 /* LaunchScreen.storyboard in Resources */,
				94177D8E1F6A98E100102C60 /* Assets.xcassets in Resources */,
				94177D8C1F6A98E100102C60 /* Main.storyboard in Resources */,
			);
			runOnlyForDeploymentPostprocessing = 0;
		};
		94177D951F6A98E100102C60 /* Resources */ = {
			isa = PBXResourcesBuildPhase;
			buildActionMask = 2147483647;
			files = (
			);
			runOnlyForDeploymentPostprocessing = 0;
		};
		94177DA01F6A98E100102C60 /* Resources */ = {
			isa = PBXResourcesBuildPhase;
			buildActionMask = 2147483647;
			files = (
			);
			runOnlyForDeploymentPostprocessing = 0;
		};
/* End PBXResourcesBuildPhase section */

/* Begin PBXSourcesBuildPhase section */
		94177D7F1F6A98E100102C60 /* Sources */ = {
			isa = PBXSourcesBuildPhase;
			buildActionMask = 2147483647;
			files = (
				94177DBB1F6AAE1D00102C60 /* TodoItem.swift in Sources */,
				94177DB71F6A9C8F00102C60 /* Common.swift in Sources */,
				94177D891F6A98E100102C60 /* PendingTableViewController.swift in Sources */,
				94177DB51F6A991000102C60 /* DoneTableViewController.swift in Sources */,
				94177D871F6A98E100102C60 /* AppDelegate.swift in Sources */,
			);
			runOnlyForDeploymentPostprocessing = 0;
		};
		94177D931F6A98E100102C60 /* Sources */ = {
			isa = PBXSourcesBuildPhase;
			buildActionMask = 2147483647;
			files = (
				94177D9C1F6A98E100102C60 /* UMAI_TODOTests.swift in Sources */,
			);
			runOnlyForDeploymentPostprocessing = 0;
		};
		94177D9E1F6A98E100102C60 /* Sources */ = {
			isa = PBXSourcesBuildPhase;
			buildActionMask = 2147483647;
			files = (
				94177DA71F6A98E100102C60 /* UMAI_TODOUITests.swift in Sources */,
			);
			runOnlyForDeploymentPostprocessing = 0;
		};
/* End PBXSourcesBuildPhase section */

/* Begin PBXTargetDependency section */
		94177D991F6A98E100102C60 /* PBXTargetDependency */ = {
			isa = PBXTargetDependency;
			target = 94177D821F6A98E100102C60 /* UMAI_TODO */;
			targetProxy = 94177D981F6A98E100102C60 /* PBXContainerItemProxy */;
		};
		94177DA41F6A98E100102C60 /* PBXTargetDependency */ = {
			isa = PBXTargetDependency;
			target = 94177D821F6A98E100102C60 /* UMAI_TODO */;
			targetProxy = 94177DA31F6A98E100102C60 /* PBXContainerItemProxy */;
		};
/* End PBXTargetDependency section */

/* Begin PBXVariantGroup section */
		94177D8A1F6A98E100102C60 /* Main.storyboard */ = {
			isa = PBXVariantGroup;
			children = (
				94177D8B1F6A98E100102C60 /* Base */,
			);
			name = Main.storyboard;
			sourceTree = "<group>";
		};
		94177D8F1F6A98E100102C60 /* LaunchScreen.storyboard */ = {
			isa = PBXVariantGroup;
			children = (
				94177D901F6A98E100102C60 /* Base */,
			);
			name = LaunchScreen.storyboard;
			sourceTree = "<group>";
		};
/* End PBXVariantGroup section */

/* Begin XCBuildConfiguration section */
		94177DA91F6A98E100102C60 /* Debug */ = {
			isa = XCBuildConfiguration;
			buildSettings = {
				ALWAYS_SEARCH_USER_PATHS = NO;
				CLANG_ANALYZER_NONNULL = YES;
				CLANG_ANALYZER_NUMBER_OBJECT_CONVERSION = YES_AGGRESSIVE;
				CLANG_CXX_LANGUAGE_STANDARD = "gnu++14";
				CLANG_CXX_LIBRARY = "libc++";
				CLANG_ENABLE_MODULES = YES;
				CLANG_ENABLE_OBJC_ARC = YES;
				CLANG_WARN_BLOCK_CAPTURE_AUTORELEASING = YES;
				CLANG_WARN_BOOL_CONVERSION = YES;
				CLANG_WARN_COMMA = YES;
				CLANG_WARN_CONSTANT_CONVERSION = YES;
				CLANG_WARN_DIRECT_OBJC_ISA_USAGE = YES_ERROR;
				CLANG_WARN_DOCUMENTATION_COMMENTS = YES;
				CLANG_WARN_EMPTY_BODY = YES;
				CLANG_WARN_ENUM_CONVERSION = YES;
				CLANG_WARN_INFINITE_RECURSION = YES;
				CLANG_WARN_INT_CONVERSION = YES;
				CLANG_WARN_NON_LITERAL_NULL_CONVERSION = YES;
				CLANG_WARN_OBJC_LITERAL_CONVERSION = YES;
				CLANG_WARN_OBJC_ROOT_CLASS = YES_ERROR;
				CLANG_WARN_RANGE_LOOP_ANALYSIS = YES;
				CLANG_WARN_STRICT_PROTOTYPES = YES;
				CLANG_WARN_SUSPICIOUS_MOVE = YES;
				CLANG_WARN_UNGUARDED_AVAILABILITY = YES_AGGRESSIVE;
				CLANG_WARN_UNREACHABLE_CODE = YES;
				CLANG_WARN__DUPLICATE_METHOD_MATCH = YES;
				CODE_SIGN_IDENTITY = "iPhone Developer";
				COPY_PHASE_STRIP = NO;
				DEBUG_INFORMATION_FORMAT = dwarf;
				ENABLE_STRICT_OBJC_MSGSEND = YES;
				ENABLE_TESTABILITY = YES;
				GCC_C_LANGUAGE_STANDARD = gnu11;
				GCC_DYNAMIC_NO_PIC = NO;
				GCC_NO_COMMON_BLOCKS = YES;
				GCC_OPTIMIZATION_LEVEL = 0;
				GCC_PREPROCESSOR_DEFINITIONS = (
					"DEBUG=1",
					"$(inherited)",
				);
				GCC_WARN_64_TO_32_BIT_CONVERSION = YES;
				GCC_WARN_ABOUT_RETURN_TYPE = YES_ERROR;
				GCC_WARN_UNDECLARED_SELECTOR = YES;
				GCC_WARN_UNINITIALIZED_AUTOS = YES_AGGRESSIVE;
				GCC_WARN_UNUSED_FUNCTION = YES;
				GCC_WARN_UNUSED_VARIABLE = YES;
				IPHONEOS_DEPLOYMENT_TARGET = 11.0;
				MTL_ENABLE_DEBUG_INFO = YES;
				ONLY_ACTIVE_ARCH = YES;
				SDKROOT = iphoneos;
				SWIFT_ACTIVE_COMPILATION_CONDITIONS = DEBUG;
				SWIFT_OPTIMIZATION_LEVEL = "-Onone";
			};
			name = Debug;
		};
		94177DAA1F6A98E100102C60 /* Release */ = {
			isa = XCBuildConfiguration;
			buildSettings = {
				ALWAYS_SEARCH_USER_PATHS = NO;
				CLANG_ANALYZER_NONNULL = YES;
				CLANG_ANALYZER_NUMBER_OBJECT_CONVERSION = YES_AGGRESSIVE;
				CLANG_CXX_LANGUAGE_STANDARD = "gnu++14";
				CLANG_CXX_LIBRARY = "libc++";
				CLANG_ENABLE_MODULES = YES;
				CLANG_ENABLE_OBJC_ARC = YES;
				CLANG_WARN_BLOCK_CAPTURE_AUTORELEASING = YES;
				CLANG_WARN_BOOL_CONVERSION = YES;
				CLANG_WARN_COMMA = YES;
				CLANG_WARN_CONSTANT_CONVERSION = YES;
				CLANG_WARN_DIRECT_OBJC_ISA_USAGE = YES_ERROR;
				CLANG_WARN_DOCUMENTATION_COMMENTS = YES;
				CLANG_WARN_EMPTY_BODY = YES;
				CLANG_WARN_ENUM_CONVERSION = YES;
				CLANG_WARN_INFINITE_RECURSION = YES;
				CLANG_WARN_INT_CONVERSION = YES;
				CLANG_WARN_NON_LITERAL_NULL_CONVERSION = YES;
				CLANG_WARN_OBJC_LITERAL_CONVERSION = YES;
				CLANG_WARN_OBJC_ROOT_CLASS = YES_ERROR;
				CLANG_WARN_RANGE_LOOP_ANALYSIS = YES;
				CLANG_WARN_STRICT_PROTOTYPES = YES;
				CLANG_WARN_SUSPICIOUS_MOVE = YES;
				CLANG_WARN_UNGUARDED_AVAILABILITY = YES_AGGRESSIVE;
				CLANG_WARN_UNREACHABLE_CODE = YES;
				CLANG_WARN__DUPLICATE_METHOD_MATCH = YES;
				CODE_SIGN_IDENTITY = "iPhone Developer";
				COPY_PHASE_STRIP = NO;
				DEBUG_INFORMATION_FORMAT = "dwarf-with-dsym";
				ENABLE_NS_ASSERTIONS = NO;
				ENABLE_STRICT_OBJC_MSGSEND = YES;
				GCC_C_LANGUAGE_STANDARD = gnu11;
				GCC_NO_COMMON_BLOCKS = YES;
				GCC_WARN_64_TO_32_BIT_CONVERSION = YES;
				GCC_WARN_ABOUT_RETURN_TYPE = YES_ERROR;
				GCC_WARN_UNDECLARED_SELECTOR = YES;
				GCC_WARN_UNINITIALIZED_AUTOS = YES_AGGRESSIVE;
				GCC_WARN_UNUSED_FUNCTION = YES;
				GCC_WARN_UNUSED_VARIABLE = YES;
				IPHONEOS_DEPLOYMENT_TARGET = 11.0;
				MTL_ENABLE_DEBUG_INFO = NO;
				SDKROOT = iphoneos;
				SWIFT_OPTIMIZATION_LEVEL = "-Owholemodule";
				VALIDATE_PRODUCT = YES;
			};
			name = Release;
		};
		94177DAC1F6A98E100102C60 /* Debug */ = {
			isa = XCBuildConfiguration;
			buildSettings = {
				ASSETCATALOG_COMPILER_APPICON_NAME = AppIcon;
				CODE_SIGN_STYLE = Automatic;
				DEVELOPMENT_TEAM = 729V4VVZW3;
				INFOPLIST_FILE = UMAI_TODO/Info.plist;
				LD_RUNPATH_SEARCH_PATHS = "$(inherited) @executable_path/Frameworks";
				PRODUCT_BUNDLE_IDENTIFIER = "UMAI.UMAI-TODO";
				PRODUCT_NAME = "$(TARGET_NAME)";
				SWIFT_VERSION = 4.0;
				TARGETED_DEVICE_FAMILY = "1,2";
			};
			name = Debug;
		};
		94177DAD1F6A98E100102C60 /* Release */ = {
			isa = XCBuildConfiguration;
			buildSettings = {
				ASSETCATALOG_COMPILER_APPICON_NAME = AppIcon;
				CODE_SIGN_STYLE = Automatic;
				DEVELOPMENT_TEAM = 729V4VVZW3;
				INFOPLIST_FILE = UMAI_TODO/Info.plist;
				LD_RUNPATH_SEARCH_PATHS = "$(inherited) @executable_path/Frameworks";
				PRODUCT_BUNDLE_IDENTIFIER = "UMAI.UMAI-TODO";
				PRODUCT_NAME = "$(TARGET_NAME)";
				SWIFT_VERSION = 4.0;
				TARGETED_DEVICE_FAMILY = "1,2";
			};
			name = Release;
		};
		94177DAF1F6A98E100102C60 /* Debug */ = {
			isa = XCBuildConfiguration;
			buildSettings = {
				ALWAYS_EMBED_SWIFT_STANDARD_LIBRARIES = YES;
				BUNDLE_LOADER = "$(TEST_HOST)";
				CODE_SIGN_STYLE = Automatic;
				DEVELOPMENT_TEAM = 729V4VVZW3;
				INFOPLIST_FILE = UMAI_TODOTests/Info.plist;
				LD_RUNPATH_SEARCH_PATHS = "$(inherited) @executable_path/Frameworks @loader_path/Frameworks";
				PRODUCT_BUNDLE_IDENTIFIER = "UMAI.UMAI-TODOTests";
				PRODUCT_NAME = "$(TARGET_NAME)";
				SWIFT_VERSION = 4.0;
				TARGETED_DEVICE_FAMILY = "1,2";
				TEST_HOST = "$(BUILT_PRODUCTS_DIR)/UMAI_TODO.app/UMAI_TODO";
			};
			name = Debug;
		};
		94177DB01F6A98E100102C60 /* Release */ = {
			isa = XCBuildConfiguration;
			buildSettings = {
				ALWAYS_EMBED_SWIFT_STANDARD_LIBRARIES = YES;
				BUNDLE_LOADER = "$(TEST_HOST)";
				CODE_SIGN_STYLE = Automatic;
				DEVELOPMENT_TEAM = 729V4VVZW3;
				INFOPLIST_FILE = UMAI_TODOTests/Info.plist;
				LD_RUNPATH_SEARCH_PATHS = "$(inherited) @executable_path/Frameworks @loader_path/Frameworks";
				PRODUCT_BUNDLE_IDENTIFIER = "UMAI.UMAI-TODOTests";
				PRODUCT_NAME = "$(TARGET_NAME)";
				SWIFT_VERSION = 4.0;
				TARGETED_DEVICE_FAMILY = "1,2";
				TEST_HOST = "$(BUILT_PRODUCTS_DIR)/UMAI_TODO.app/UMAI_TODO";
			};
			name = Release;
		};
		94177DB21F6A98E100102C60 /* Debug */ = {
			isa = XCBuildConfiguration;
			buildSettings = {
				ALWAYS_EMBED_SWIFT_STANDARD_LIBRARIES = YES;
				CODE_SIGN_STYLE = Automatic;
				DEVELOPMENT_TEAM = 729V4VVZW3;
				INFOPLIST_FILE = UMAI_TODOUITests/Info.plist;
				LD_RUNPATH_SEARCH_PATHS = "$(inherited) @executable_path/Frameworks @loader_path/Frameworks";
				PRODUCT_BUNDLE_IDENTIFIER = "UMAI.UMAI-TODOUITests";
				PRODUCT_NAME = "$(TARGET_NAME)";
				SWIFT_VERSION = 4.0;
				TARGETED_DEVICE_FAMILY = "1,2";
				TEST_TARGET_NAME = UMAI_TODO;
			};
			name = Debug;
		};
		94177DB31F6A98E100102C60 /* Release */ = {
			isa = XCBuildConfiguration;
			buildSettings = {
				ALWAYS_EMBED_SWIFT_STANDARD_LIBRARIES = YES;
				CODE_SIGN_STYLE = Automatic;
				DEVELOPMENT_TEAM = 729V4VVZW3;
				INFOPLIST_FILE = UMAI_TODOUITests/Info.plist;
				LD_RUNPATH_SEARCH_PATHS = "$(inherited) @executable_path/Frameworks @loader_path/Frameworks";
				PRODUCT_BUNDLE_IDENTIFIER = "UMAI.UMAI-TODOUITests";
				PRODUCT_NAME = "$(TARGET_NAME)";
				SWIFT_VERSION = 4.0;
				TARGETED_DEVICE_FAMILY = "1,2";
				TEST_TARGET_NAME = UMAI_TODO;
			};
			name = Release;
		};
/* End XCBuildConfiguration section */

/* Begin XCConfigurationList section */
		94177D7E1F6A98E100102C60 /* Build configuration list for PBXProject "UMAI_TODO" */ = {
			isa = XCConfigurationList;
			buildConfigurations = (
				94177DA91F6A98E100102C60 /* Debug */,
				94177DAA1F6A98E100102C60 /* Release */,
			);
			defaultConfigurationIsVisible = 0;
			defaultConfigurationName = Release;
		};
		94177DAB1F6A98E100102C60 /* Build configuration list for PBXNativeTarget "UMAI_TODO" */ = {
			isa = XCConfigurationList;
			buildConfigurations = (
				94177DAC1F6A98E100102C60 /* Debug */,
				94177DAD1F6A98E100102C60 /* Release */,
			);
			defaultConfigurationIsVisible = 0;
			defaultConfigurationName = Release;
		};
		94177DAE1F6A98E100102C60 /* Build configuration list for PBXNativeTarget "UMAI_TODOTests" */ = {
			isa = XCConfigurationList;
			buildConfigurations = (
				94177DAF1F6A98E100102C60 /* Debug */,
				94177DB01F6A98E100102C60 /* Release */,
			);
			defaultConfigurationIsVisible = 0;
			defaultConfigurationName = Release;
		};
		94177DB11F6A98E100102C60 /* Build configuration list for PBXNativeTarget "UMAI_TODOUITests" */ = {
			isa = XCConfigurationList;
			buildConfigurations = (
				94177DB21F6A98E100102C60 /* Debug */,
				94177DB31F6A98E100102C60 /* Release */,
			);
			defaultConfigurationIsVisible = 0;
			defaultConfigurationName = Release;
		};
/* End XCConfigurationList section */
	};
	rootObject = 94177D7B1F6A98E100102C60 /* Project object */;
}
